// !$*UTF8*$!
{
	archiveVersion = 1;
	classes = {
	};
	objectVersion = 56;
	objects = {

/* Begin PBXBuildFile section */
		F88224F029816A0E00B7D089 /* AppDelegate.swift in Sources */ = {isa = PBXBuildFile; fileRef = F88224EF29816A0E00B7D089 /* AppDelegate.swift */; };
		F88224F229816A0E00B7D089 /* SceneDelegate.swift in Sources */ = {isa = PBXBuildFile; fileRef = F88224F129816A0E00B7D089 /* SceneDelegate.swift */; };
		F88224F429816A0E00B7D089 /* ViewController.swift in Sources */ = {isa = PBXBuildFile; fileRef = F88224F329816A0E00B7D089 /* ViewController.swift */; };
		F88224F929816A1000B7D089 /* Assets.xcassets in Resources */ = {isa = PBXBuildFile; fileRef = F88224F829816A1000B7D089 /* Assets.xcassets */; };
		F88224FC29816A1000B7D089 /* LaunchScreen.storyboard in Resources */ = {isa = PBXBuildFile; fileRef = F88224FA29816A1000B7D089 /* LaunchScreen.storyboard */; };
		F882250729816A1000B7D089 /* CodeUITests.swift in Sources */ = {isa = PBXBuildFile; fileRef = F882250629816A1000B7D089 /* CodeUITests.swift */; };
		F882251129816A1000B7D089 /* CodeUIUITests.swift in Sources */ = {isa = PBXBuildFile; fileRef = F882251029816A1000B7D089 /* CodeUIUITests.swift */; };
		F882251329816A1000B7D089 /* CodeUIUITestsLaunchTests.swift in Sources */ = {isa = PBXBuildFile; fileRef = F882251229816A1000B7D089 /* CodeUIUITestsLaunchTests.swift */; };
		F882252129816CF000B7D089 /* SnapKit in Frameworks */ = {isa = PBXBuildFile; productRef = F882252029816CEF00B7D089 /* SnapKit */; };
		F882252329816F0000B7D089 /* TableViewCell.swift in Sources */ = {isa = PBXBuildFile; fileRef = F882252229816F0000B7D089 /* TableViewCell.swift */; };
/* End PBXBuildFile section */

/* Begin PBXContainerItemProxy section */
		F882250329816A1000B7D089 /* PBXContainerItemProxy */ = {
			isa = PBXContainerItemProxy;
			containerPortal = F88224E429816A0E00B7D089 /* Project object */;
			proxyType = 1;
			remoteGlobalIDString = F88224EB29816A0E00B7D089;
			remoteInfo = CodeUI;
		};
		F882250D29816A1000B7D089 /* PBXContainerItemProxy */ = {
			isa = PBXContainerItemProxy;
			containerPortal = F88224E429816A0E00B7D089 /* Project object */;
			proxyType = 1;
			remoteGlobalIDString = F88224EB29816A0E00B7D089;
			remoteInfo = CodeUI;
		};
/* End PBXContainerItemProxy section */

/* Begin PBXFileReference section */
		F88224EC29816A0E00B7D089 /* CodeUI.app */ = {isa = PBXFileReference; explicitFileType = wrapper.application; includeInIndex = 0; path = CodeUI.app; sourceTree = BUILT_PRODUCTS_DIR; };
		F88224EF29816A0E00B7D089 /* AppDelegate.swift */ = {isa = PBXFileReference; lastKnownFileType = sourcecode.swift; path = AppDelegate.swift; sourceTree = "<group>"; };
		F88224F129816A0E00B7D089 /* SceneDelegate.swift */ = {isa = PBXFileReference; lastKnownFileType = sourcecode.swift; path = SceneDelegate.swift; sourceTree = "<group>"; };
		F88224F329816A0E00B7D089 /* ViewController.swift */ = {isa = PBXFileReference; lastKnownFileType = sourcecode.swift; path = ViewController.swift; sourceTree = "<group>"; };
		F88224F829816A1000B7D089 /* Assets.xcassets */ = {isa = PBXFileReference; lastKnownFileType = folder.assetcatalog; path = Assets.xcassets; sourceTree = "<group>"; };
		F88224FB29816A1000B7D089 /* Base */ = {isa = PBXFileReference; lastKnownFileType = file.storyboard; name = Base; path = Base.lproj/LaunchScreen.storyboard; sourceTree = "<group>"; };
		F88224FD29816A1000B7D089 /* Info.plist */ = {isa = PBXFileReference; lastKnownFileType = text.plist.xml; path = Info.plist; sourceTree = "<group>"; };
		F882250229816A1000B7D089 /* CodeUITests.xctest */ = {isa = PBXFileReference; explicitFileType = wrapper.cfbundle; includeInIndex = 0; path = CodeUITests.xctest; sourceTree = BUILT_PRODUCTS_DIR; };
		F882250629816A1000B7D089 /* CodeUITests.swift */ = {isa = PBXFileReference; lastKnownFileType = sourcecode.swift; path = CodeUITests.swift; sourceTree = "<group>"; };
		F882250C29816A1000B7D089 /* CodeUIUITests.xctest */ = {isa = PBXFileReference; explicitFileType = wrapper.cfbundle; includeInIndex = 0; path = CodeUIUITests.xctest; sourceTree = BUILT_PRODUCTS_DIR; };
		F882251029816A1000B7D089 /* CodeUIUITests.swift */ = {isa = PBXFileReference; lastKnownFileType = sourcecode.swift; path = CodeUIUITests.swift; sourceTree = "<group>"; };
		F882251229816A1000B7D089 /* CodeUIUITestsLaunchTests.swift */ = {isa = PBXFileReference; lastKnownFileType = sourcecode.swift; path = CodeUIUITestsLaunchTests.swift; sourceTree = "<group>"; };
		F882252229816F0000B7D089 /* TableViewCell.swift */ = {isa = PBXFileReference; lastKnownFileType = sourcecode.swift; path = TableViewCell.swift; sourceTree = "<group>"; };
/* End PBXFileReference section */

/* Begin PBXFrameworksBuildPhase section */
		F88224E929816A0E00B7D089 /* Frameworks */ = {
			isa = PBXFrameworksBuildPhase;
			buildActionMask = 2147483647;
			files = (
				F882252129816CF000B7D089 /* SnapKit in Frameworks */,
			);
			runOnlyForDeploymentPostprocessing = 0;
		};
		F88224FF29816A1000B7D089 /* Frameworks */ = {
			isa = PBXFrameworksBuildPhase;
			buildActionMask = 2147483647;
			files = (
			);
			runOnlyForDeploymentPostprocessing = 0;
		};
		F882250929816A1000B7D089 /* Frameworks */ = {
			isa = PBXFrameworksBuildPhase;
			buildActionMask = 2147483647;
			files = (
			);
			runOnlyForDeploymentPostprocessing = 0;
		};
/* End PBXFrameworksBuildPhase section */

/* Begin PBXGroup section */
		F88224E329816A0E00B7D089 = {
			isa = PBXGroup;
			children = (
				F88224EE29816A0E00B7D089 /* CodeUI */,
				F882250529816A1000B7D089 /* CodeUITests */,
				F882250F29816A1000B7D089 /* CodeUIUITests */,
				F88224ED29816A0E00B7D089 /* Products */,
			);
			sourceTree = "<group>";
		};
		F88224ED29816A0E00B7D089 /* Products */ = {
			isa = PBXGroup;
			children = (
				F88224EC29816A0E00B7D089 /* CodeUI.app */,
				F882250229816A1000B7D089 /* CodeUITests.xctest */,
				F882250C29816A1000B7D089 /* CodeUIUITests.xctest */,
			);
			name = Products;
			sourceTree = "<group>";
		};
		F88224EE29816A0E00B7D089 /* CodeUI */ = {
			isa = PBXGroup;
			children = (
				F88224EF29816A0E00B7D089 /* AppDelegate.swift */,
				F88224F129816A0E00B7D089 /* SceneDelegate.swift */,
				F88224F329816A0E00B7D089 /* ViewController.swift */,
				F882252229816F0000B7D089 /* TableViewCell.swift */,
				F88224F829816A1000B7D089 /* Assets.xcassets */,
				F88224FA29816A1000B7D089 /* LaunchScreen.storyboard */,
				F88224FD29816A1000B7D089 /* Info.plist */,
			);
			path = CodeUI;
			sourceTree = "<group>";
		};
		F882250529816A1000B7D089 /* CodeUITests */ = {
			isa = PBXGroup;
			children = (
				F882250629816A1000B7D089 /* CodeUITests.swift */,
			);
			path = CodeUITests;
			sourceTree = "<group>";
		};
		F882250F29816A1000B7D089 /* CodeUIUITests */ = {
			isa = PBXGroup;
			children = (
				F882251029816A1000B7D089 /* CodeUIUITests.swift */,
				F882251229816A1000B7D089 /* CodeUIUITestsLaunchTests.swift */,
			);
			path = CodeUIUITests;
			sourceTree = "<group>";
		};
/* End PBXGroup section */

/* Begin PBXNativeTarget section */
		F88224EB29816A0E00B7D089 /* CodeUI */ = {
			isa = PBXNativeTarget;
			buildConfigurationList = F882251629816A1000B7D089 /* Build configuration list for PBXNativeTarget "CodeUI" */;
			buildPhases = (
				F88224E829816A0E00B7D089 /* Sources */,
				F88224E929816A0E00B7D089 /* Frameworks */,
				F88224EA29816A0E00B7D089 /* Resources */,
			);
			buildRules = (
			);
			dependencies = (
			);
			name = CodeUI;
			packageProductDependencies = (
				F882252029816CEF00B7D089 /* SnapKit */,
			);
			productName = CodeUI;
			productReference = F88224EC29816A0E00B7D089 /* CodeUI.app */;
			productType = "com.apple.product-type.application";
		};
		F882250129816A1000B7D089 /* CodeUITests */ = {
			isa = PBXNativeTarget;
			buildConfigurationList = F882251929816A1000B7D089 /* Build configuration list for PBXNativeTarget "CodeUITests" */;
			buildPhases = (
				F88224FE29816A1000B7D089 /* Sources */,
				F88224FF29816A1000B7D089 /* Frameworks */,
				F882250029816A1000B7D089 /* Resources */,
			);
			buildRules = (
			);
			dependencies = (
				F882250429816A1000B7D089 /* PBXTargetDependency */,
			);
			name = CodeUITests;
			productName = CodeUITests;
			productReference = F882250229816A1000B7D089 /* CodeUITests.xctest */;
			productType = "com.apple.product-type.bundle.unit-test";
		};
		F882250B29816A1000B7D089 /* CodeUIUITests */ = {
			isa = PBXNativeTarget;
			buildConfigurationList = F882251C29816A1000B7D089 /* Build configuration list for PBXNativeTarget "CodeUIUITests" */;
			buildPhases = (
				F882250829816A1000B7D089 /* Sources */,
				F882250929816A1000B7D089 /* Frameworks */,
				F882250A29816A1000B7D089 /* Resources */,
			);
			buildRules = (
			);
			dependencies = (
				F882250E29816A1000B7D089 /* PBXTargetDependency */,
			);
			name = CodeUIUITests;
			productName = CodeUIUITests;
			productReference = F882250C29816A1000B7D089 /* CodeUIUITests.xctest */;
			productType = "com.apple.product-type.bundle.ui-testing";
		};
/* End PBXNativeTarget section */

/* Begin PBXProject section */
		F88224E429816A0E00B7D089 /* Project object */ = {
			isa = PBXProject;
			attributes = {
				BuildIndependentTargetsInParallel = 1;
				LastSwiftUpdateCheck = 1400;
				LastUpgradeCheck = 1400;
				TargetAttributes = {
					F88224EB29816A0E00B7D089 = {
						CreatedOnToolsVersion = 14.0.1;
					};
					F882250129816A1000B7D089 = {
						CreatedOnToolsVersion = 14.0.1;
						TestTargetID = F88224EB29816A0E00B7D089;
					};
					F882250B29816A1000B7D089 = {
						CreatedOnToolsVersion = 14.0.1;
						TestTargetID = F88224EB29816A0E00B7D089;
					};
				};
			};
			buildConfigurationList = F88224E729816A0E00B7D089 /* Build configuration list for PBXProject "CodeUI" */;
			compatibilityVersion = "Xcode 14.0";
			developmentRegion = en;
			hasScannedForEncodings = 0;
			knownRegions = (
				en,
				Base,
			);
			mainGroup = F88224E329816A0E00B7D089;
			packageReferences = (
				F882251F29816CEF00B7D089 /* XCRemoteSwiftPackageReference "SnapKit" */,
			);
			productRefGroup = F88224ED29816A0E00B7D089 /* Products */;
			projectDirPath = "";
			projectRoot = "";
			targets = (
				F88224EB29816A0E00B7D089 /* CodeUI */,
				F882250129816A1000B7D089 /* CodeUITests */,
				F882250B29816A1000B7D089 /* CodeUIUITests */,
			);
		};
/* End PBXProject section */

/* Begin PBXResourcesBuildPhase section */
		F88224EA29816A0E00B7D089 /* Resources */ = {
			isa = PBXResourcesBuildPhase;
			buildActionMask = 2147483647;
			files = (
				F88224FC29816A1000B7D089 /* LaunchScreen.storyboard in Resources */,
				F88224F929816A1000B7D089 /* Assets.xcassets in Resources */,
			);
			runOnlyForDeploymentPostprocessing = 0;
		};
		F882250029816A1000B7D089 /* Resources */ = {
			isa = PBXResourcesBuildPhase;
			buildActionMask = 2147483647;
			files = (
			);
			runOnlyForDeploymentPostprocessing = 0;
		};
		F882250A29816A1000B7D089 /* Resources */ = {
			isa = PBXResourcesBuildPhase;
			buildActionMask = 2147483647;
			files = (
			);
			runOnlyForDeploymentPostprocessing = 0;
		};
/* End PBXResourcesBuildPhase section */

/* Begin PBXSourcesBuildPhase section */
		F88224E829816A0E00B7D089 /* Sources */ = {
			isa = PBXSourcesBuildPhase;
			buildActionMask = 2147483647;
			files = (
				F88224F429816A0E00B7D089 /* ViewController.swift in Sources */,
				F882252329816F0000B7D089 /* TableViewCell.swift in Sources */,
				F88224F029816A0E00B7D089 /* AppDelegate.swift in Sources */,
				F88224F229816A0E00B7D089 /* SceneDelegate.swift in Sources */,
			);
			runOnlyForDeploymentPostprocessing = 0;
		};
		F88224FE29816A1000B7D089 /* Sources */ = {
			isa = PBXSourcesBuildPhase;
			buildActionMask = 2147483647;
			files = (
				F882250729816A1000B7D089 /* CodeUITests.swift in Sources */,
			);
			runOnlyForDeploymentPostprocessing = 0;
		};
		F882250829816A1000B7D089 /* Sources */ = {
			isa = PBXSourcesBuildPhase;
			buildActionMask = 2147483647;
			files = (
				F882251129816A1000B7D089 /* CodeUIUITests.swift in Sources */,
				F882251329816A1000B7D089 /* CodeUIUITestsLaunchTests.swift in Sources */,
			);
			runOnlyForDeploymentPostprocessing = 0;
		};
/* End PBXSourcesBuildPhase section */

/* Begin PBXTargetDependency section */
		F882250429816A1000B7D089 /* PBXTargetDependency */ = {
			isa = PBXTargetDependency;
			target = F88224EB29816A0E00B7D089 /* CodeUI */;
			targetProxy = F882250329816A1000B7D089 /* PBXContainerItemProxy */;
		};
		F882250E29816A1000B7D089 /* PBXTargetDependency */ = {
			isa = PBXTargetDependency;
			target = F88224EB29816A0E00B7D089 /* CodeUI */;
			targetProxy = F882250D29816A1000B7D089 /* PBXContainerItemProxy */;
		};
/* End PBXTargetDependency section */

/* Begin PBXVariantGroup section */
		F88224FA29816A1000B7D089 /* LaunchScreen.storyboard */ = {
			isa = PBXVariantGroup;
			children = (
				F88224FB29816A1000B7D089 /* Base */,
			);
			name = LaunchScreen.storyboard;
			sourceTree = "<group>";
		};
/* End PBXVariantGroup section */

/* Begin XCBuildConfiguration section */
		F882251429816A1000B7D089 /* Debug */ = {
			isa = XCBuildConfiguration;
			buildSettings = {
				ALWAYS_SEARCH_USER_PATHS = NO;
				CLANG_ANALYZER_NONNULL = YES;
				CLANG_ANALYZER_NUMBER_OBJECT_CONVERSION = YES_AGGRESSIVE;
				CLANG_CXX_LANGUAGE_STANDARD = "gnu++20";
				CLANG_ENABLE_MODULES = YES;
				CLANG_ENABLE_OBJC_ARC = YES;
				CLANG_ENABLE_OBJC_WEAK = YES;
				CLANG_WARN_BLOCK_CAPTURE_AUTORELEASING = YES;
				CLANG_WARN_BOOL_CONVERSION = YES;
				CLANG_WARN_COMMA = YES;
				CLANG_WARN_CONSTANT_CONVERSION = YES;
				CLANG_WARN_DEPRECATED_OBJC_IMPLEMENTATIONS = YES;
				CLANG_WARN_DIRECT_OBJC_ISA_USAGE = YES_ERROR;
				CLANG_WARN_DOCUMENTATION_COMMENTS = YES;
				CLANG_WARN_EMPTY_BODY = YES;
				CLANG_WARN_ENUM_CONVERSION = YES;
				CLANG_WARN_INFINITE_RECURSION = YES;
				CLANG_WARN_INT_CONVERSION = YES;
				CLANG_WARN_NON_LITERAL_NULL_CONVERSION = YES;
				CLANG_WARN_OBJC_IMPLICIT_RETAIN_SELF = YES;
				CLANG_WARN_OBJC_LITERAL_CONVERSION = YES;
				CLANG_WARN_OBJC_ROOT_CLASS = YES_ERROR;
				CLANG_WARN_QUOTED_INCLUDE_IN_FRAMEWORK_HEADER = YES;
				CLANG_WARN_RANGE_LOOP_ANALYSIS = YES;
				CLANG_WARN_STRICT_PROTOTYPES = YES;
				CLANG_WARN_SUSPICIOUS_MOVE = YES;
				CLANG_WARN_UNGUARDED_AVAILABILITY = YES_AGGRESSIVE;
				CLANG_WARN_UNREACHABLE_CODE = YES;
				CLANG_WARN__DUPLICATE_METHOD_MATCH = YES;
				COPY_PHASE_STRIP = NO;
				DEBUG_INFORMATION_FORMAT = dwarf;
				ENABLE_STRICT_OBJC_MSGSEND = YES;
				ENABLE_TESTABILITY = YES;
				GCC_C_LANGUAGE_STANDARD = gnu11;
				GCC_DYNAMIC_NO_PIC = NO;
				GCC_NO_COMMON_BLOCKS = YES;
				GCC_OPTIMIZATION_LEVEL = 0;
				GCC_PREPROCESSOR_DEFINITIONS = (
					"DEBUG=1",
					"$(inherited)",
				);
				GCC_WARN_64_TO_32_BIT_CONVERSION = YES;
				GCC_WARN_ABOUT_RETURN_TYPE = YES_ERROR;
				GCC_WARN_UNDECLARED_SELECTOR = YES;
				GCC_WARN_UNINITIALIZED_AUTOS = YES_AGGRESSIVE;
				GCC_WARN_UNUSED_FUNCTION = YES;
				GCC_WARN_UNUSED_VARIABLE = YES;
				IPHONEOS_DEPLOYMENT_TARGET = 16.0;
				MTL_ENABLE_DEBUG_INFO = INCLUDE_SOURCE;
				MTL_FAST_MATH = YES;
				ONLY_ACTIVE_ARCH = YES;
				SDKROOT = iphoneos;
				SWIFT_ACTIVE_COMPILATION_CONDITIONS = DEBUG;
				SWIFT_OPTIMIZATION_LEVEL = "-Onone";
			};
			name = Debug;
		};
		F882251529816A1000B7D089 /* Release */ = {
			isa = XCBuildConfiguration;
			buildSettings = {
				ALWAYS_SEARCH_USER_PATHS = NO;
				CLANG_ANALYZER_NONNULL = YES;
				CLANG_ANALYZER_NUMBER_OBJECT_CONVERSION = YES_AGGRESSIVE;
				CLANG_CXX_LANGUAGE_STANDARD = "gnu++20";
				CLANG_ENABLE_MODULES = YES;
				CLANG_ENABLE_OBJC_ARC = YES;
				CLANG_ENABLE_OBJC_WEAK = YES;
				CLANG_WARN_BLOCK_CAPTURE_AUTORELEASING = YES;
				CLANG_WARN_BOOL_CONVERSION = YES;
				CLANG_WARN_COMMA = YES;
				CLANG_WARN_CONSTANT_CONVERSION = YES;
				CLANG_WARN_DEPRECATED_OBJC_IMPLEMENTATIONS = YES;
				CLANG_WARN_DIRECT_OBJC_ISA_USAGE = YES_ERROR;
				CLANG_WARN_DOCUMENTATION_COMMENTS = YES;
				CLANG_WARN_EMPTY_BODY = YES;
				CLANG_WARN_ENUM_CONVERSION = YES;
				CLANG_WARN_INFINITE_RECURSION = YES;
				CLANG_WARN_INT_CONVERSION = YES;
				CLANG_WARN_NON_LITERAL_NULL_CONVERSION = YES;
				CLANG_WARN_OBJC_IMPLICIT_RETAIN_SELF = YES;
				CLANG_WARN_OBJC_LITERAL_CONVERSION = YES;
				CLANG_WARN_OBJC_ROOT_CLASS = YES_ERROR;
				CLANG_WARN_QUOTED_INCLUDE_IN_FRAMEWORK_HEADER = YES;
				CLANG_WARN_RANGE_LOOP_ANALYSIS = YES;
				CLANG_WARN_STRICT_PROTOTYPES = YES;
				CLANG_WARN_SUSPICIOUS_MOVE = YES;
				CLANG_WARN_UNGUARDED_AVAILABILITY = YES_AGGRESSIVE;
				CLANG_WARN_UNREACHABLE_CODE = YES;
				CLANG_WARN__DUPLICATE_METHOD_MATCH = YES;
				COPY_PHASE_STRIP = NO;
				DEBUG_INFORMATION_FORMAT = "dwarf-with-dsym";
				ENABLE_NS_ASSERTIONS = NO;
				ENABLE_STRICT_OBJC_MSGSEND = YES;
				GCC_C_LANGUAGE_STANDARD = gnu11;
				GCC_NO_COMMON_BLOCKS = YES;
				GCC_WARN_64_TO_32_BIT_CONVERSION = YES;
				GCC_WARN_ABOUT_RETURN_TYPE = YES_ERROR;
				GCC_WARN_UNDECLARED_SELECTOR = YES;
				GCC_WARN_UNINITIALIZED_AUTOS = YES_AGGRESSIVE;
				GCC_WARN_UNUSED_FUNCTION = YES;
				GCC_WARN_UNUSED_VARIABLE = YES;
				IPHONEOS_DEPLOYMENT_TARGET = 16.0;
				MTL_ENABLE_DEBUG_INFO = NO;
				MTL_FAST_MATH = YES;
				SDKROOT = iphoneos;
				SWIFT_COMPILATION_MODE = wholemodule;
				SWIFT_OPTIMIZATION_LEVEL = "-O";
				VALIDATE_PRODUCT = YES;
			};
			name = Release;
		};
		F882251729816A1000B7D089 /* Debug */ = {
			isa = XCBuildConfiguration;
			buildSettings = {
				ASSETCATALOG_COMPILER_APPICON_NAME = AppIcon;
				ASSETCATALOG_COMPILER_GLOBAL_ACCENT_COLOR_NAME = AccentColor;
				CODE_SIGN_STYLE = Automatic;
				CURRENT_PROJECT_VERSION = 1;
				DEVELOPMENT_TEAM = 4G47XHXXQX;
				GENERATE_INFOPLIST_FILE = YES;
				INFOPLIST_FILE = CodeUI/Info.plist;
				INFOPLIST_KEY_UIApplicationSupportsIndirectInputEvents = YES;
				INFOPLIST_KEY_UILaunchStoryboardName = LaunchScreen;
				INFOPLIST_KEY_UISupportedInterfaceOrientations_iPad = "UIInterfaceOrientationPortrait UIInterfaceOrientationPortraitUpsideDown UIInterfaceOrientationLandscapeLeft UIInterfaceOrientationLandscapeRight";
				INFOPLIST_KEY_UISupportedInterfaceOrientations_iPhone = "UIInterfaceOrientationPortrait UIInterfaceOrientationLandscapeLeft UIInterfaceOrientationLandscapeRight";
				LD_RUNPATH_SEARCH_PATHS = (
					"$(inherited)",
					"@executable_path/Frameworks",
				);
				MARKETING_VERSION = 1.0;
				PRODUCT_BUNDLE_IDENTIFIER = stduy.DJ.CodeUI;
				PRODUCT_NAME = "$(TARGET_NAME)";
				SWIFT_EMIT_LOC_STRINGS = YES;
				SWIFT_VERSION = 5.0;
				TARGETED_DEVICE_FAMILY = "1,2";
			};
			name = Debug;
		};
		F882251829816A1000B7D089 /* Release */ = {
			isa = XCBuildConfiguration;
			buildSettings = {
				ASSETCATALOG_COMPILER_APPICON_NAME = AppIcon;
				ASSETCATALOG_COMPILER_GLOBAL_ACCENT_COLOR_NAME = AccentColor;
				CODE_SIGN_STYLE = Automatic;
				CURRENT_PROJECT_VERSION = 1;
				DEVELOPMENT_TEAM = 4G47XHXXQX;
				GENERATE_INFOPLIST_FILE = YES;
				INFOPLIST_FILE = CodeUI/Info.plist;
				INFOPLIST_KEY_UIApplicationSupportsIndirectInputEvents = YES;
				INFOPLIST_KEY_UILaunchStoryboardName = LaunchScreen;
				INFOPLIST_KEY_UISupportedInterfaceOrientations_iPad = "UIInterfaceOrientationPortrait UIInterfaceOrientationPortraitUpsideDown UIInterfaceOrientationLandscapeLeft UIInterfaceOrientationLandscapeRight";
				INFOPLIST_KEY_UISupportedInterfaceOrientations_iPhone = "UIInterfaceOrientationPortrait UIInterfaceOrientationLandscapeLeft UIInterfaceOrientationLandscapeRight";
				LD_RUNPATH_SEARCH_PATHS = (
					"$(inherited)",
					"@executable_path/Frameworks",
				);
				MARKETING_VERSION = 1.0;
				PRODUCT_BUNDLE_IDENTIFIER = stduy.DJ.CodeUI;
				PRODUCT_NAME = "$(TARGET_NAME)";
				SWIFT_EMIT_LOC_STRINGS = YES;
				SWIFT_VERSION = 5.0;
				TARGETED_DEVICE_FAMILY = "1,2";
			};
			name = Release;
		};
		F882251A29816A1000B7D089 /* Debug */ = {
			isa = XCBuildConfiguration;
			buildSettings = {
				ALWAYS_EMBED_SWIFT_STANDARD_LIBRARIES = YES;
				BUNDLE_LOADER = "$(TEST_HOST)";
				CODE_SIGN_STYLE = Automatic;
				CURRENT_PROJECT_VERSION = 1;
				DEVELOPMENT_TEAM = 4G47XHXXQX;
				GENERATE_INFOPLIST_FILE = YES;
				IPHONEOS_DEPLOYMENT_TARGET = 16.0;
				MARKETING_VERSION = 1.0;
				PRODUCT_BUNDLE_IDENTIFIER = stduy.DJ.CodeUITests;
				PRODUCT_NAME = "$(TARGET_NAME)";
				SWIFT_EMIT_LOC_STRINGS = NO;
				SWIFT_VERSION = 5.0;
				TARGETED_DEVICE_FAMILY = "1,2";
				TEST_HOST = "$(BUILT_PRODUCTS_DIR)/CodeUI.app/$(BUNDLE_EXECUTABLE_FOLDER_PATH)/CodeUI";
			};
			name = Debug;
		};
		F882251B29816A1000B7D089 /* Release */ = {
			isa = XCBuildConfiguration;
			buildSettings = {
				ALWAYS_EMBED_SWIFT_STANDARD_LIBRARIES = YES;
				BUNDLE_LOADER = "$(TEST_HOST)";
				CODE_SIGN_STYLE = Automatic;
				CURRENT_PROJECT_VERSION = 1;
				DEVELOPMENT_TEAM = 4G47XHXXQX;
				GENERATE_INFOPLIST_FILE = YES;
				IPHONEOS_DEPLOYMENT_TARGET = 16.0;
				MARKETING_VERSION = 1.0;
				PRODUCT_BUNDLE_IDENTIFIER = stduy.DJ.CodeUITests;
				PRODUCT_NAME = "$(TARGET_NAME)";
				SWIFT_EMIT_LOC_STRINGS = NO;
				SWIFT_VERSION = 5.0;
				TARGETED_DEVICE_FAMILY = "1,2";
				TEST_HOST = "$(BUILT_PRODUCTS_DIR)/CodeUI.app/$(BUNDLE_EXECUTABLE_FOLDER_PATH)/CodeUI";
			};
			name = Release;
		};
		F882251D29816A1000B7D089 /* Debug */ = {
			isa = XCBuildConfiguration;
			buildSettings = {
				ALWAYS_EMBED_SWIFT_STANDARD_LIBRARIES = YES;
				CODE_SIGN_STYLE = Automatic;
				CURRENT_PROJECT_VERSION = 1;
				DEVELOPMENT_TEAM = 4G47XHXXQX;
				GENERATE_INFOPLIST_FILE = YES;
				MARKETING_VERSION = 1.0;
				PRODUCT_BUNDLE_IDENTIFIER = stduy.DJ.CodeUIUITests;
				PRODUCT_NAME = "$(TARGET_NAME)";
				SWIFT_EMIT_LOC_STRINGS = NO;
				SWIFT_VERSION = 5.0;
				TARGETED_DEVICE_FAMILY = "1,2";
				TEST_TARGET_NAME = CodeUI;
			};
			name = Debug;
		};
		F882251E29816A1000B7D089 /* Release */ = {
			isa = XCBuildConfiguration;
			buildSettings = {
				ALWAYS_EMBED_SWIFT_STANDARD_LIBRARIES = YES;
				CODE_SIGN_STYLE = Automatic;
				CURRENT_PROJECT_VERSION = 1;
				DEVELOPMENT_TEAM = 4G47XHXXQX;
				GENERATE_INFOPLIST_FILE = YES;
				MARKETING_VERSION = 1.0;
				PRODUCT_BUNDLE_IDENTIFIER = stduy.DJ.CodeUIUITests;
				PRODUCT_NAME = "$(TARGET_NAME)";
				SWIFT_EMIT_LOC_STRINGS = NO;
				SWIFT_VERSION = 5.0;
				TARGETED_DEVICE_FAMILY = "1,2";
				TEST_TARGET_NAME = CodeUI;
			};
			name = Release;
		};
/* End XCBuildConfiguration section */

/* Begin XCConfigurationList section */
		F88224E729816A0E00B7D089 /* Build configuration list for PBXProject "CodeUI" */ = {
			isa = XCConfigurationList;
			buildConfigurations = (
				F882251429816A1000B7D089 /* Debug */,
				F882251529816A1000B7D089 /* Release */,
			);
			defaultConfigurationIsVisible = 0;
			defaultConfigurationName = Release;
		};
		F882251629816A1000B7D089 /* Build configuration list for PBXNativeTarget "CodeUI" */ = {
			isa = XCConfigurationList;
			buildConfigurations = (
				F882251729816A1000B7D089 /* Debug */,
				F882251829816A1000B7D089 /* Release */,
			);
			defaultConfigurationIsVisible = 0;
			defaultConfigurationName = Release;
		};
		F882251929816A1000B7D089 /* Build configuration list for PBXNativeTarget "CodeUITests" */ = {
			isa = XCConfigurationList;
			buildConfigurations = (
				F882251A29816A1000B7D089 /* Debug */,
				F882251B29816A1000B7D089 /* Release */,
			);
			defaultConfigurationIsVisible = 0;
			defaultConfigurationName = Release;
		};
		F882251C29816A1000B7D089 /* Build configuration list for PBXNativeTarget "CodeUIUITests" */ = {
			isa = XCConfigurationList;
			buildConfigurations = (
				F882251D29816A1000B7D089 /* Debug */,
				F882251E29816A1000B7D089 /* Release */,
			);
			defaultConfigurationIsVisible = 0;
			defaultConfigurationName = Release;
		};
/* End XCConfigurationList section */

/* Begin XCRemoteSwiftPackageReference section */
		F882251F29816CEF00B7D089 /* XCRemoteSwiftPackageReference "SnapKit" */ = {
			isa = XCRemoteSwiftPackageReference;
			repositoryURL = "https://github.com/SnapKit/SnapKit";
			requirement = {
				kind = upToNextMajorVersion;
				minimumVersion = 5.0.0;
			};
		};
/* End XCRemoteSwiftPackageReference section */

/* Begin XCSwiftPackageProductDependency section */
		F882252029816CEF00B7D089 /* SnapKit */ = {
			isa = XCSwiftPackageProductDependency;
			package = F882251F29816CEF00B7D089 /* XCRemoteSwiftPackageReference "SnapKit" */;
			productName = SnapKit;
		};
/* End XCSwiftPackageProductDependency section */
	};
	rootObject = F88224E429816A0E00B7D089 /* Project object */;
}
